// !$*UTF8*$!
{
	archiveVersion = 1;
	classes = {
	};
	objectVersion = 48;
	objects = {

/* Begin PBXBuildFile section */
		270BC831202F48E400970B71 /* UserCell.swift in Sources */ = {isa = PBXBuildFile; fileRef = 270BC830202F48E400970B71 /* UserCell.swift */; };
		270F28871FD4832500BB9B17 /* if_button_share_352893.png in Resources */ = {isa = PBXBuildFile; fileRef = 270F28861FD4832400BB9B17 /* if_button_share_352893.png */; };
		270F288A1FD4995E00BB9B17 /* PostHeaderCell.swift in Sources */ = {isa = PBXBuildFile; fileRef = 270F28891FD4995E00BB9B17 /* PostHeaderCell.swift */; };
		270F288C1FD499AD00BB9B17 /* PostCell.swift in Sources */ = {isa = PBXBuildFile; fileRef = 270F288B1FD499AD00BB9B17 /* PostCell.swift */; };
		2711FF01200303270077F882 /* ChatController.swift in Sources */ = {isa = PBXBuildFile; fileRef = 2711FF00200303270077F882 /* ChatController.swift */; };
		2722AE4F1FF00CF000830541 /* if_user_115781.png in Resources */ = {isa = PBXBuildFile; fileRef = 2722AE471FF00CEB00830541 /* if_user_115781.png */; };
		2722AE501FF00CF000830541 /* if_upload-share-social-information_2075820.png in Resources */ = {isa = PBXBuildFile; fileRef = 2722AE481FF00CED00830541 /* if_upload-share-social-information_2075820.png */; };
		2722AE511FF00CF000830541 /* if_Streamline-18_185038.png in Resources */ = {isa = PBXBuildFile; fileRef = 2722AE491FF00CEF00830541 /* if_Streamline-18_185038.png */; };
		2722AE521FF00CF000830541 /* if_movie_107203.png in Resources */ = {isa = PBXBuildFile; fileRef = 2722AE4A1FF00CEF00830541 /* if_movie_107203.png */; };
		2722AE531FF00CF000830541 /* if_Alien_130215.png in Resources */ = {isa = PBXBuildFile; fileRef = 2722AE4B1FF00CEF00830541 /* if_Alien_130215.png */; };
		2722AE541FF00CF000830541 /* if_home_126572.png in Resources */ = {isa = PBXBuildFile; fileRef = 2722AE4C1FF00CEF00830541 /* if_home_126572.png */; };
		2722AE551FF00CF000830541 /* if_inbox_172482.png in Resources */ = {isa = PBXBuildFile; fileRef = 2722AE4D1FF00CF000830541 /* if_inbox_172482.png */; };
		2722AE561FF00CF000830541 /* if_011_InboxDownload_183576.png in Resources */ = {isa = PBXBuildFile; fileRef = 2722AE4E1FF00CF000830541 /* if_011_InboxDownload_183576.png */; };
		2722AE581FF0141900830541 /* if_movie_118631.png in Resources */ = {isa = PBXBuildFile; fileRef = 2722AE571FF0141800830541 /* if_movie_118631.png */; };
		2722AE5A1FF0200100830541 /* if_Streamline-75_185095.png in Resources */ = {isa = PBXBuildFile; fileRef = 2722AE591FF0200000830541 /* if_Streamline-75_185095.png */; };
		27269DF22028ED3B00F28EAF /* Message.swift in Sources */ = {isa = PBXBuildFile; fileRef = 27269DF12028ED3B00F28EAF /* Message.swift */; };
		2757145B1FF95DF800081310 /* User.swift in Sources */ = {isa = PBXBuildFile; fileRef = 2757145A1FF95DF800081310 /* User.swift */; };
		275BAB981FD24CED005D7BEA /* GoogleService-Info.plist in Resources */ = {isa = PBXBuildFile; fileRef = 275BAB971FD24CED005D7BEA /* GoogleService-Info.plist */; };
		277B42191FD247880044212F /* AuthProvider.swift in Sources */ = {isa = PBXBuildFile; fileRef = 277B42181FD247880044212F /* AuthProvider.swift */; };
		277EF53E1FD24317006AAE6B /* AppDelegate.swift in Sources */ = {isa = PBXBuildFile; fileRef = 277EF53D1FD24317006AAE6B /* AppDelegate.swift */; };
		277EF5401FD24317006AAE6B /* ViewController.swift in Sources */ = {isa = PBXBuildFile; fileRef = 277EF53F1FD24317006AAE6B /* ViewController.swift */; };
		277EF5431FD24317006AAE6B /* Main.storyboard in Resources */ = {isa = PBXBuildFile; fileRef = 277EF5411FD24317006AAE6B /* Main.storyboard */; };
		277EF5451FD24317006AAE6B /* Assets.xcassets in Resources */ = {isa = PBXBuildFile; fileRef = 277EF5441FD24317006AAE6B /* Assets.xcassets */; };
		277EF5481FD24317006AAE6B /* LaunchScreen.storyboard in Resources */ = {isa = PBXBuildFile; fileRef = 277EF5461FD24317006AAE6B /* LaunchScreen.storyboard */; };
		277EF5531FD24317006AAE6B /* myindiefilmsTests.swift in Sources */ = {isa = PBXBuildFile; fileRef = 277EF5521FD24317006AAE6B /* myindiefilmsTests.swift */; };
		277EF55E1FD24317006AAE6B /* myindiefilmsUITests.swift in Sources */ = {isa = PBXBuildFile; fileRef = 277EF55D1FD24317006AAE6B /* myindiefilmsUITests.swift */; };
		27880C461FF5B2EA00E686F0 /* if_56_111136.png in Resources */ = {isa = PBXBuildFile; fileRef = 27880C451FF5B2E900E686F0 /* if_56_111136.png */; };
		278ACBC61FF6B2E200F9C653 /* InboxTableViewController.swift in Sources */ = {isa = PBXBuildFile; fileRef = 278ACBC51FF6B2E200F9C653 /* InboxTableViewController.swift */; };
		278ACBC81FF6C9FF00F9C653 /* NewMessageTableViewController.swift in Sources */ = {isa = PBXBuildFile; fileRef = 278ACBC71FF6C9FF00F9C653 /* NewMessageTableViewController.swift */; };
		278ACBCA1FF6D00900F9C653 /* message.png in Resources */ = {isa = PBXBuildFile; fileRef = 278ACBC91FF6D00700F9C653 /* message.png */; };
		2793469E1FD477E600326819 /* astro.jpg in Resources */ = {isa = PBXBuildFile; fileRef = 2793469D1FD477E600326819 /* astro.jpg */; };
		279346A31FD4812A00326819 /* Liked.png in Resources */ = {isa = PBXBuildFile; fileRef = 2793469F1FD4812500326819 /* Liked.png */; };
		279346A51FD4812A00326819 /* comment.png in Resources */ = {isa = PBXBuildFile; fileRef = 279346A11FD4812800326819 /* comment.png */; };
		279346A61FD4812A00326819 /* Like.png in Resources */ = {isa = PBXBuildFile; fileRef = 279346A21FD4812900326819 /* Like.png */; };
		279B31451FD258AB00163B3E /* Profile.swift in Sources */ = {isa = PBXBuildFile; fileRef = 279B31441FD258AB00163B3E /* Profile.swift */; };
		27BE671B2001B85D00977313 /* Extensions.swift in Sources */ = {isa = PBXBuildFile; fileRef = 27BE671A2001B85D00977313 /* Extensions.swift */; };
		27E1E9FA1FDDD19E000B55D9 /* Upload.swift in Sources */ = {isa = PBXBuildFile; fileRef = 27E1E9F91FDDD19E000B55D9 /* Upload.swift */; };
		27FC5CF91FD3119E008E7DEE /* SignUpViewController.swift in Sources */ = {isa = PBXBuildFile; fileRef = 27FC5CF81FD3119E008E7DEE /* SignUpViewController.swift */; };
		27FC65391FE0957400C2C936 /* FeedTableViewController.swift in Sources */ = {isa = PBXBuildFile; fileRef = 27FC65381FE0957400C2C936 /* FeedTableViewController.swift */; };
		27FF08241FF711700068E5B7 /* MessageID.swift in Sources */ = {isa = PBXBuildFile; fileRef = 27FF08231FF711700068E5B7 /* MessageID.swift */; };
		421947F2B3F41915B74694C5 /* Pods_myindiefilms.framework in Frameworks */ = {isa = PBXBuildFile; fileRef = 54AAC885945E05B073158F49 /* Pods_myindiefilms.framework */; };
		6051B3967343C88168DACA61 /* Pods_myindiefilmsTests.framework in Frameworks */ = {isa = PBXBuildFile; fileRef = 52E97C6AAAC5D370B4F631F3 /* Pods_myindiefilmsTests.framework */; };
		64B1AA6FF84F4119BB27EF98 /* Pods_myindiefilmsUITests.framework in Frameworks */ = {isa = PBXBuildFile; fileRef = AECA56E89303FF456425EB9D /* Pods_myindiefilmsUITests.framework */; };
/* End PBXBuildFile section */

/* Begin PBXContainerItemProxy section */
		277EF54F1FD24317006AAE6B /* PBXContainerItemProxy */ = {
			isa = PBXContainerItemProxy;
			containerPortal = 277EF5321FD24317006AAE6B /* Project object */;
			proxyType = 1;
			remoteGlobalIDString = 277EF5391FD24317006AAE6B;
			remoteInfo = myindiefilms;
		};
		277EF55A1FD24317006AAE6B /* PBXContainerItemProxy */ = {
			isa = PBXContainerItemProxy;
			containerPortal = 277EF5321FD24317006AAE6B /* Project object */;
			proxyType = 1;
			remoteGlobalIDString = 277EF5391FD24317006AAE6B;
			remoteInfo = myindiefilms;
		};
/* End PBXContainerItemProxy section */

/* Begin PBXFileReference section */
		270BC830202F48E400970B71 /* UserCell.swift */ = {isa = PBXFileReference; lastKnownFileType = sourcecode.swift; path = UserCell.swift; sourceTree = "<group>"; };
		270F28861FD4832400BB9B17 /* if_button_share_352893.png */ = {isa = PBXFileReference; lastKnownFileType = image.png; name = if_button_share_352893.png; path = ../../../../Downloads/if_button_share_352893.png; sourceTree = "<group>"; };
		270F28891FD4995E00BB9B17 /* PostHeaderCell.swift */ = {isa = PBXFileReference; lastKnownFileType = sourcecode.swift; path = PostHeaderCell.swift; sourceTree = "<group>"; };
		270F288B1FD499AD00BB9B17 /* PostCell.swift */ = {isa = PBXFileReference; lastKnownFileType = sourcecode.swift; path = PostCell.swift; sourceTree = "<group>"; };
		2711FF00200303270077F882 /* ChatController.swift */ = {isa = PBXFileReference; lastKnownFileType = sourcecode.swift; path = ChatController.swift; sourceTree = "<group>"; };
		2722AE471FF00CEB00830541 /* if_user_115781.png */ = {isa = PBXFileReference; lastKnownFileType = image.png; name = if_user_115781.png; path = ../../../../Downloads/if_user_115781.png; sourceTree = "<group>"; };
		2722AE481FF00CED00830541 /* if_upload-share-social-information_2075820.png */ = {isa = PBXFileReference; lastKnownFileType = image.png; name = "if_upload-share-social-information_2075820.png"; path = "../../../../Downloads/if_upload-share-social-information_2075820.png"; sourceTree = "<group>"; };
		2722AE491FF00CEF00830541 /* if_Streamline-18_185038.png */ = {isa = PBXFileReference; lastKnownFileType = image.png; name = "if_Streamline-18_185038.png"; path = "../../../../Downloads/if_Streamline-18_185038.png"; sourceTree = "<group>"; };
		2722AE4A1FF00CEF00830541 /* if_movie_107203.png */ = {isa = PBXFileReference; lastKnownFileType = image.png; name = if_movie_107203.png; path = ../../../../Downloads/if_movie_107203.png; sourceTree = "<group>"; };
		2722AE4B1FF00CEF00830541 /* if_Alien_130215.png */ = {isa = PBXFileReference; lastKnownFileType = image.png; name = if_Alien_130215.png; path = ../../../../Downloads/if_Alien_130215.png; sourceTree = "<group>"; };
		2722AE4C1FF00CEF00830541 /* if_home_126572.png */ = {isa = PBXFileReference; lastKnownFileType = image.png; name = if_home_126572.png; path = ../../../../Downloads/if_home_126572.png; sourceTree = "<group>"; };
		2722AE4D1FF00CF000830541 /* if_inbox_172482.png */ = {isa = PBXFileReference; lastKnownFileType = image.png; name = if_inbox_172482.png; path = ../../../../Downloads/if_inbox_172482.png; sourceTree = "<group>"; };
		2722AE4E1FF00CF000830541 /* if_011_InboxDownload_183576.png */ = {isa = PBXFileReference; lastKnownFileType = image.png; name = if_011_InboxDownload_183576.png; path = ../../../../Downloads/if_011_InboxDownload_183576.png; sourceTree = "<group>"; };
		2722AE571FF0141800830541 /* if_movie_118631.png */ = {isa = PBXFileReference; lastKnownFileType = image.png; name = if_movie_118631.png; path = ../../../../Downloads/if_movie_118631.png; sourceTree = "<group>"; };
		2722AE591FF0200000830541 /* if_Streamline-75_185095.png */ = {isa = PBXFileReference; lastKnownFileType = image.png; name = "if_Streamline-75_185095.png"; path = "../../../../Downloads/if_Streamline-75_185095.png"; sourceTree = "<group>"; };
		27269DF12028ED3B00F28EAF /* Message.swift */ = {isa = PBXFileReference; lastKnownFileType = sourcecode.swift; name = Message.swift; path = myindiefilms/Model/Message.swift; sourceTree = SOURCE_ROOT; };
		2757145A1FF95DF800081310 /* User.swift */ = {isa = PBXFileReference; lastKnownFileType = sourcecode.swift; path = User.swift; sourceTree = "<group>"; };
		275BAB971FD24CED005D7BEA /* GoogleService-Info.plist */ = {isa = PBXFileReference; fileEncoding = 4; lastKnownFileType = text.plist.xml; name = "GoogleService-Info.plist"; path = "../../../Downloads/GoogleService-Info.plist"; sourceTree = "<group>"; };
		277B42181FD247880044212F /* AuthProvider.swift */ = {isa = PBXFileReference; lastKnownFileType = sourcecode.swift; path = AuthProvider.swift; sourceTree = "<group>"; };
		277EF53A1FD24317006AAE6B /* myindiefilms.app */ = {isa = PBXFileReference; explicitFileType = wrapper.application; includeInIndex = 0; path = myindiefilms.app; sourceTree = BUILT_PRODUCTS_DIR; };
		277EF53D1FD24317006AAE6B /* AppDelegate.swift */ = {isa = PBXFileReference; lastKnownFileType = sourcecode.swift; path = AppDelegate.swift; sourceTree = "<group>"; };
		277EF53F1FD24317006AAE6B /* ViewController.swift */ = {isa = PBXFileReference; lastKnownFileType = sourcecode.swift; path = ViewController.swift; sourceTree = "<group>"; };
		277EF5421FD24317006AAE6B /* Base */ = {isa = PBXFileReference; lastKnownFileType = file.storyboard; name = Base; path = Base.lproj/Main.storyboard; sourceTree = "<group>"; };
		277EF5441FD24317006AAE6B /* Assets.xcassets */ = {isa = PBXFileReference; lastKnownFileType = folder.assetcatalog; path = Assets.xcassets; sourceTree = "<group>"; };
		277EF5471FD24317006AAE6B /* Base */ = {isa = PBXFileReference; lastKnownFileType = file.storyboard; name = Base; path = Base.lproj/LaunchScreen.storyboard; sourceTree = "<group>"; };
		277EF5491FD24317006AAE6B /* Info.plist */ = {isa = PBXFileReference; lastKnownFileType = text.plist.xml; path = Info.plist; sourceTree = "<group>"; };
		277EF54E1FD24317006AAE6B /* myindiefilmsTests.xctest */ = {isa = PBXFileReference; explicitFileType = wrapper.cfbundle; includeInIndex = 0; path = myindiefilmsTests.xctest; sourceTree = BUILT_PRODUCTS_DIR; };
		277EF5521FD24317006AAE6B /* myindiefilmsTests.swift */ = {isa = PBXFileReference; lastKnownFileType = sourcecode.swift; path = myindiefilmsTests.swift; sourceTree = "<group>"; };
		277EF5541FD24317006AAE6B /* Info.plist */ = {isa = PBXFileReference; lastKnownFileType = text.plist.xml; path = Info.plist; sourceTree = "<group>"; };
		277EF5591FD24317006AAE6B /* myindiefilmsUITests.xctest */ = {isa = PBXFileReference; explicitFileType = wrapper.cfbundle; includeInIndex = 0; path = myindiefilmsUITests.xctest; sourceTree = BUILT_PRODUCTS_DIR; };
		277EF55D1FD24317006AAE6B /* myindiefilmsUITests.swift */ = {isa = PBXFileReference; lastKnownFileType = sourcecode.swift; path = myindiefilmsUITests.swift; sourceTree = "<group>"; };
		277EF55F1FD24317006AAE6B /* Info.plist */ = {isa = PBXFileReference; lastKnownFileType = text.plist.xml; path = Info.plist; sourceTree = "<group>"; };
		27880C451FF5B2E900E686F0 /* if_56_111136.png */ = {isa = PBXFileReference; lastKnownFileType = image.png; name = if_56_111136.png; path = ../../../../Downloads/if_56_111136.png; sourceTree = "<group>"; };
		278ACBC51FF6B2E200F9C653 /* InboxTableViewController.swift */ = {isa = PBXFileReference; lastKnownFileType = sourcecode.swift; path = InboxTableViewController.swift; sourceTree = "<group>"; };
		278ACBC71FF6C9FF00F9C653 /* NewMessageTableViewController.swift */ = {isa = PBXFileReference; lastKnownFileType = sourcecode.swift; path = NewMessageTableViewController.swift; sourceTree = "<group>"; };
		278ACBC91FF6D00700F9C653 /* message.png */ = {isa = PBXFileReference; lastKnownFileType = image.png; name = message.png; path = ../../../../Downloads/message.png; sourceTree = "<group>"; };
		2793469D1FD477E600326819 /* astro.jpg */ = {isa = PBXFileReference; lastKnownFileType = image.jpeg; name = astro.jpg; path = ../../../../Downloads/astro.jpg; sourceTree = "<group>"; };
		2793469F1FD4812500326819 /* Liked.png */ = {isa = PBXFileReference; lastKnownFileType = image.png; name = Liked.png; path = ../../../../Downloads/Liked.png; sourceTree = "<group>"; };
		279346A11FD4812800326819 /* comment.png */ = {isa = PBXFileReference; lastKnownFileType = image.png; name = comment.png; path = ../../../../Downloads/comment.png; sourceTree = "<group>"; };
		279346A21FD4812900326819 /* Like.png */ = {isa = PBXFileReference; lastKnownFileType = image.png; name = Like.png; path = ../../../../Downloads/Like.png; sourceTree = "<group>"; };
		279B31441FD258AB00163B3E /* Profile.swift */ = {isa = PBXFileReference; lastKnownFileType = sourcecode.swift; path = Profile.swift; sourceTree = "<group>"; };
		27BE671A2001B85D00977313 /* Extensions.swift */ = {isa = PBXFileReference; lastKnownFileType = sourcecode.swift; path = Extensions.swift; sourceTree = "<group>"; };
		27E1E9F91FDDD19E000B55D9 /* Upload.swift */ = {isa = PBXFileReference; lastKnownFileType = sourcecode.swift; path = Upload.swift; sourceTree = "<group>"; };
		27FC5CF81FD3119E008E7DEE /* SignUpViewController.swift */ = {isa = PBXFileReference; lastKnownFileType = sourcecode.swift; path = SignUpViewController.swift; sourceTree = "<group>"; };
		27FC65381FE0957400C2C936 /* FeedTableViewController.swift */ = {isa = PBXFileReference; lastKnownFileType = sourcecode.swift; name = FeedTableViewController.swift; path = /Users/Vinny/Desktop/myindiefilms/myindiefilms/ViewControllers/FeedTableViewController.swift; sourceTree = "<absolute>"; };
		27FF08231FF711700068E5B7 /* MessageID.swift */ = {isa = PBXFileReference; lastKnownFileType = sourcecode.swift; path = MessageID.swift; sourceTree = "<group>"; };
		3801E4B1CEE6177596CFA85E /* Pods-myindiefilms.release.xcconfig */ = {isa = PBXFileReference; includeInIndex = 1; lastKnownFileType = text.xcconfig; name = "Pods-myindiefilms.release.xcconfig"; path = "Pods/Target Support Files/Pods-myindiefilms/Pods-myindiefilms.release.xcconfig"; sourceTree = "<group>"; };
		52E97C6AAAC5D370B4F631F3 /* Pods_myindiefilmsTests.framework */ = {isa = PBXFileReference; explicitFileType = wrapper.framework; includeInIndex = 0; path = Pods_myindiefilmsTests.framework; sourceTree = BUILT_PRODUCTS_DIR; };
		54AAC885945E05B073158F49 /* Pods_myindiefilms.framework */ = {isa = PBXFileReference; explicitFileType = wrapper.framework; includeInIndex = 0; path = Pods_myindiefilms.framework; sourceTree = BUILT_PRODUCTS_DIR; };
		65C004F55FEDA4BB559D9B52 /* Pods-myindiefilmsUITests.release.xcconfig */ = {isa = PBXFileReference; includeInIndex = 1; lastKnownFileType = text.xcconfig; name = "Pods-myindiefilmsUITests.release.xcconfig"; path = "Pods/Target Support Files/Pods-myindiefilmsUITests/Pods-myindiefilmsUITests.release.xcconfig"; sourceTree = "<group>"; };
		9F031B89671CAAD5F4CE653C /* Pods-myindiefilmsUITests.debug.xcconfig */ = {isa = PBXFileReference; includeInIndex = 1; lastKnownFileType = text.xcconfig; name = "Pods-myindiefilmsUITests.debug.xcconfig"; path = "Pods/Target Support Files/Pods-myindiefilmsUITests/Pods-myindiefilmsUITests.debug.xcconfig"; sourceTree = "<group>"; };
		AECA56E89303FF456425EB9D /* Pods_myindiefilmsUITests.framework */ = {isa = PBXFileReference; explicitFileType = wrapper.framework; includeInIndex = 0; path = Pods_myindiefilmsUITests.framework; sourceTree = BUILT_PRODUCTS_DIR; };
		CC940EAFED3829E6E8603174 /* Pods-myindiefilmsTests.debug.xcconfig */ = {isa = PBXFileReference; includeInIndex = 1; lastKnownFileType = text.xcconfig; name = "Pods-myindiefilmsTests.debug.xcconfig"; path = "Pods/Target Support Files/Pods-myindiefilmsTests/Pods-myindiefilmsTests.debug.xcconfig"; sourceTree = "<group>"; };
		DB4E4E9C94B113C5E7BD8837 /* Pods-myindiefilmsTests.release.xcconfig */ = {isa = PBXFileReference; includeInIndex = 1; lastKnownFileType = text.xcconfig; name = "Pods-myindiefilmsTests.release.xcconfig"; path = "Pods/Target Support Files/Pods-myindiefilmsTests/Pods-myindiefilmsTests.release.xcconfig"; sourceTree = "<group>"; };
		FBEF51109C6653DFD2DD8B00 /* Pods-myindiefilms.debug.xcconfig */ = {isa = PBXFileReference; includeInIndex = 1; lastKnownFileType = text.xcconfig; name = "Pods-myindiefilms.debug.xcconfig"; path = "Pods/Target Support Files/Pods-myindiefilms/Pods-myindiefilms.debug.xcconfig"; sourceTree = "<group>"; };
/* End PBXFileReference section */

/* Begin PBXFrameworksBuildPhase section */
		277EF5371FD24317006AAE6B /* Frameworks */ = {
			isa = PBXFrameworksBuildPhase;
			buildActionMask = 2147483647;
			files = (
				421947F2B3F41915B74694C5 /* Pods_myindiefilms.framework in Frameworks */,
			);
			runOnlyForDeploymentPostprocessing = 0;
		};
		277EF54B1FD24317006AAE6B /* Frameworks */ = {
			isa = PBXFrameworksBuildPhase;
			buildActionMask = 2147483647;
			files = (
				6051B3967343C88168DACA61 /* Pods_myindiefilmsTests.framework in Frameworks */,
			);
			runOnlyForDeploymentPostprocessing = 0;
		};
		277EF5561FD24317006AAE6B /* Frameworks */ = {
			isa = PBXFrameworksBuildPhase;
			buildActionMask = 2147483647;
			files = (
				64B1AA6FF84F4119BB27EF98 /* Pods_myindiefilmsUITests.framework in Frameworks */,
			);
			runOnlyForDeploymentPostprocessing = 0;
		};
/* End PBXFrameworksBuildPhase section */

/* Begin PBXGroup section */
		270F28881FD498DC00BB9B17 /* Views */ = {
			isa = PBXGroup;
			children = (
				278ACBC71FF6C9FF00F9C653 /* NewMessageTableViewController.swift */,
				27FF08231FF711700068E5B7 /* MessageID.swift */,
				270F28891FD4995E00BB9B17 /* PostHeaderCell.swift */,
				270F288B1FD499AD00BB9B17 /* PostCell.swift */,
				2711FF00200303270077F882 /* ChatController.swift */,
				270BC830202F48E400970B71 /* UserCell.swift */,
			);
			path = Views;
			sourceTree = "<group>";
		};
		277EF5311FD24317006AAE6B = {
			isa = PBXGroup;
			children = (
				277EF53C1FD24317006AAE6B /* myindiefilms */,
				277EF5511FD24317006AAE6B /* myindiefilmsTests */,
				277EF55C1FD24317006AAE6B /* myindiefilmsUITests */,
				277EF53B1FD24317006AAE6B /* Products */,
				4C1AA5B378C4BBD8BD50356F /* Pods */,
				DFE6A077AACCD036809C0B8B /* Frameworks */,
			);
			sourceTree = "<group>";
		};
		277EF53B1FD24317006AAE6B /* Products */ = {
			isa = PBXGroup;
			children = (
				277EF53A1FD24317006AAE6B /* myindiefilms.app */,
				277EF54E1FD24317006AAE6B /* myindiefilmsTests.xctest */,
				277EF5591FD24317006AAE6B /* myindiefilmsUITests.xctest */,
			);
			name = Products;
			sourceTree = "<group>";
		};
		277EF53C1FD24317006AAE6B /* myindiefilms */ = {
			isa = PBXGroup;
			children = (
				277EF5461FD24317006AAE6B /* LaunchScreen.storyboard */,
				277EF5441FD24317006AAE6B /* Assets.xcassets */,
				277EF53D1FD24317006AAE6B /* AppDelegate.swift */,
				277EF5411FD24317006AAE6B /* Main.storyboard */,
				27BE67192001B7F700977313 /* Assistance */,
				2793469C1FD477A000326819 /* Content */,
				27FC5CFB1FD311D2008E7DEE /* Model */,
				27FC5CFA1FD311AC008E7DEE /* ViewControllers */,
				270F28881FD498DC00BB9B17 /* Views */,
				277EF5491FD24317006AAE6B /* Info.plist */,
				275BAB971FD24CED005D7BEA /* GoogleService-Info.plist */,
			);
			path = myindiefilms;
			sourceTree = "<group>";
		};
		277EF5511FD24317006AAE6B /* myindiefilmsTests */ = {
			isa = PBXGroup;
			children = (
				277EF5521FD24317006AAE6B /* myindiefilmsTests.swift */,
				277EF5541FD24317006AAE6B /* Info.plist */,
			);
			path = myindiefilmsTests;
			sourceTree = "<group>";
		};
		277EF55C1FD24317006AAE6B /* myindiefilmsUITests */ = {
			isa = PBXGroup;
			children = (
				277EF55D1FD24317006AAE6B /* myindiefilmsUITests.swift */,
				277EF55F1FD24317006AAE6B /* Info.plist */,
			);
			path = myindiefilmsUITests;
			sourceTree = "<group>";
		};
		2793469C1FD477A000326819 /* Content */ = {
			isa = PBXGroup;
			children = (
				270F28861FD4832400BB9B17 /* if_button_share_352893.png */,
				279346A11FD4812800326819 /* comment.png */,
				278ACBC91FF6D00700F9C653 /* message.png */,
				2722AE591FF0200000830541 /* if_Streamline-75_185095.png */,
				27880C451FF5B2E900E686F0 /* if_56_111136.png */,
				2793469F1FD4812500326819 /* Liked.png */,
				2722AE4E1FF00CF000830541 /* if_011_InboxDownload_183576.png */,
				2722AE571FF0141800830541 /* if_movie_118631.png */,
				2722AE4B1FF00CEF00830541 /* if_Alien_130215.png */,
				2722AE4C1FF00CEF00830541 /* if_home_126572.png */,
				2722AE4D1FF00CF000830541 /* if_inbox_172482.png */,
				2722AE4A1FF00CEF00830541 /* if_movie_107203.png */,
				2722AE491FF00CEF00830541 /* if_Streamline-18_185038.png */,
				2722AE481FF00CED00830541 /* if_upload-share-social-information_2075820.png */,
				2722AE471FF00CEB00830541 /* if_user_115781.png */,
				279346A21FD4812900326819 /* Like.png */,
				2793469D1FD477E600326819 /* astro.jpg */,
			);
			path = Content;
			sourceTree = "<group>";
		};
		27BE67192001B7F700977313 /* Assistance */ = {
			isa = PBXGroup;
			children = (
				27BE671A2001B85D00977313 /* Extensions.swift */,
			);
			path = Assistance;
			sourceTree = "<group>";
		};
		27FC5CFA1FD311AC008E7DEE /* ViewControllers */ = {
			isa = PBXGroup;
			children = (
				27FC65381FE0957400C2C936 /* FeedTableViewController.swift */,
				279B31441FD258AB00163B3E /* Profile.swift */,
				27FC5CF81FD3119E008E7DEE /* SignUpViewController.swift */,
				277EF53F1FD24317006AAE6B /* ViewController.swift */,
				27E1E9F91FDDD19E000B55D9 /* Upload.swift */,
				278ACBC51FF6B2E200F9C653 /* InboxTableViewController.swift */,
			);
			path = ViewControllers;
			sourceTree = "<group>";
		};
		27FC5CFB1FD311D2008E7DEE /* Model */ = {
			isa = PBXGroup;
			children = (
				277B42181FD247880044212F /* AuthProvider.swift */,
				2757145A1FF95DF800081310 /* User.swift */,
				27269DF12028ED3B00F28EAF /* Message.swift */,
			);
			path = Model;
			sourceTree = "<group>";
		};
		4C1AA5B378C4BBD8BD50356F /* Pods */ = {
			isa = PBXGroup;
			children = (
				FBEF51109C6653DFD2DD8B00 /* Pods-myindiefilms.debug.xcconfig */,
				3801E4B1CEE6177596CFA85E /* Pods-myindiefilms.release.xcconfig */,
				CC940EAFED3829E6E8603174 /* Pods-myindiefilmsTests.debug.xcconfig */,
				DB4E4E9C94B113C5E7BD8837 /* Pods-myindiefilmsTests.release.xcconfig */,
				9F031B89671CAAD5F4CE653C /* Pods-myindiefilmsUITests.debug.xcconfig */,
				65C004F55FEDA4BB559D9B52 /* Pods-myindiefilmsUITests.release.xcconfig */,
			);
			name = Pods;
			sourceTree = "<group>";
		};
		DFE6A077AACCD036809C0B8B /* Frameworks */ = {
			isa = PBXGroup;
			children = (
				54AAC885945E05B073158F49 /* Pods_myindiefilms.framework */,
				52E97C6AAAC5D370B4F631F3 /* Pods_myindiefilmsTests.framework */,
				AECA56E89303FF456425EB9D /* Pods_myindiefilmsUITests.framework */,
			);
			name = Frameworks;
			sourceTree = "<group>";
		};
/* End PBXGroup section */

/* Begin PBXNativeTarget section */
		277EF5391FD24317006AAE6B /* myindiefilms */ = {
			isa = PBXNativeTarget;
			buildConfigurationList = 277EF5621FD24317006AAE6B /* Build configuration list for PBXNativeTarget "myindiefilms" */;
			buildPhases = (
				5A78CE64D42598C1F9DD28EA /* [CP] Check Pods Manifest.lock */,
				277EF5361FD24317006AAE6B /* Sources */,
				277EF5371FD24317006AAE6B /* Frameworks */,
				277EF5381FD24317006AAE6B /* Resources */,
				066ECD5CD2C5E8FC11818E7F /* [CP] Embed Pods Frameworks */,
				6352A83E739F4FB574A7D5B9 /* [CP] Copy Pods Resources */,
			);
			buildRules = (
			);
			dependencies = (
			);
			name = myindiefilms;
			productName = myindiefilms;
			productReference = 277EF53A1FD24317006AAE6B /* myindiefilms.app */;
			productType = "com.apple.product-type.application";
		};
		277EF54D1FD24317006AAE6B /* myindiefilmsTests */ = {
			isa = PBXNativeTarget;
			buildConfigurationList = 277EF5651FD24317006AAE6B /* Build configuration list for PBXNativeTarget "myindiefilmsTests" */;
			buildPhases = (
				8C3DCE92C9646DDEACF101DA /* [CP] Check Pods Manifest.lock */,
				277EF54A1FD24317006AAE6B /* Sources */,
				277EF54B1FD24317006AAE6B /* Frameworks */,
				277EF54C1FD24317006AAE6B /* Resources */,
				99AB2BB78AFFC4AF0FC1F678 /* [CP] Embed Pods Frameworks */,
				122324C962B10CBB794CBDA4 /* [CP] Copy Pods Resources */,
			);
			buildRules = (
			);
			dependencies = (
				277EF5501FD24317006AAE6B /* PBXTargetDependency */,
			);
			name = myindiefilmsTests;
			productName = myindiefilmsTests;
			productReference = 277EF54E1FD24317006AAE6B /* myindiefilmsTests.xctest */;
			productType = "com.apple.product-type.bundle.unit-test";
		};
		277EF5581FD24317006AAE6B /* myindiefilmsUITests */ = {
			isa = PBXNativeTarget;
			buildConfigurationList = 277EF5681FD24317006AAE6B /* Build configuration list for PBXNativeTarget "myindiefilmsUITests" */;
			buildPhases = (
				2CADA8E5991AD0CA4A9044DD /* [CP] Check Pods Manifest.lock */,
				277EF5551FD24317006AAE6B /* Sources */,
				277EF5561FD24317006AAE6B /* Frameworks */,
				277EF5571FD24317006AAE6B /* Resources */,
				DE0225764064FFA4C9DDB544 /* [CP] Embed Pods Frameworks */,
				92E5F1E83B2B11CA3476C259 /* [CP] Copy Pods Resources */,
			);
			buildRules = (
			);
			dependencies = (
				277EF55B1FD24317006AAE6B /* PBXTargetDependency */,
			);
			name = myindiefilmsUITests;
			productName = myindiefilmsUITests;
			productReference = 277EF5591FD24317006AAE6B /* myindiefilmsUITests.xctest */;
			productType = "com.apple.product-type.bundle.ui-testing";
		};
/* End PBXNativeTarget section */

/* Begin PBXProject section */
		277EF5321FD24317006AAE6B /* Project object */ = {
			isa = PBXProject;
			attributes = {
				LastSwiftUpdateCheck = 0910;
				LastUpgradeCheck = 0910;
				ORGANIZATIONNAME = Vin;
				TargetAttributes = {
					277EF5391FD24317006AAE6B = {
						CreatedOnToolsVersion = 9.1;
						ProvisioningStyle = Automatic;
					};
					277EF54D1FD24317006AAE6B = {
						CreatedOnToolsVersion = 9.1;
						ProvisioningStyle = Automatic;
						TestTargetID = 277EF5391FD24317006AAE6B;
					};
					277EF5581FD24317006AAE6B = {
						CreatedOnToolsVersion = 9.1;
						ProvisioningStyle = Automatic;
						TestTargetID = 277EF5391FD24317006AAE6B;
					};
				};
			};
			buildConfigurationList = 277EF5351FD24317006AAE6B /* Build configuration list for PBXProject "myindiefilms" */;
			compatibilityVersion = "Xcode 8.0";
			developmentRegion = en;
			hasScannedForEncodings = 0;
			knownRegions = (
				en,
				Base,
			);
			mainGroup = 277EF5311FD24317006AAE6B;
			productRefGroup = 277EF53B1FD24317006AAE6B /* Products */;
			projectDirPath = "";
			projectRoot = "";
			targets = (
				277EF5391FD24317006AAE6B /* myindiefilms */,
				277EF54D1FD24317006AAE6B /* myindiefilmsTests */,
				277EF5581FD24317006AAE6B /* myindiefilmsUITests */,
			);
		};
/* End PBXProject section */

/* Begin PBXResourcesBuildPhase section */
		277EF5381FD24317006AAE6B /* Resources */ = {
			isa = PBXResourcesBuildPhase;
			buildActionMask = 2147483647;
			files = (
				277EF5481FD24317006AAE6B /* LaunchScreen.storyboard in Resources */,
				2722AE541FF00CF000830541 /* if_home_126572.png in Resources */,
				2793469E1FD477E600326819 /* astro.jpg in Resources */,
				275BAB981FD24CED005D7BEA /* GoogleService-Info.plist in Resources */,
				27880C461FF5B2EA00E686F0 /* if_56_111136.png in Resources */,
				270F28871FD4832500BB9B17 /* if_button_share_352893.png in Resources */,
				279346A51FD4812A00326819 /* comment.png in Resources */,
				278ACBCA1FF6D00900F9C653 /* message.png in Resources */,
				279346A31FD4812A00326819 /* Liked.png in Resources */,
				2722AE531FF00CF000830541 /* if_Alien_130215.png in Resources */,
				2722AE511FF00CF000830541 /* if_Streamline-18_185038.png in Resources */,
				2722AE521FF00CF000830541 /* if_movie_107203.png in Resources */,
				277EF5451FD24317006AAE6B /* Assets.xcassets in Resources */,
				2722AE561FF00CF000830541 /* if_011_InboxDownload_183576.png in Resources */,
				2722AE551FF00CF000830541 /* if_inbox_172482.png in Resources */,
				2722AE581FF0141900830541 /* if_movie_118631.png in Resources */,
				279346A61FD4812A00326819 /* Like.png in Resources */,
				2722AE4F1FF00CF000830541 /* if_user_115781.png in Resources */,
				2722AE501FF00CF000830541 /* if_upload-share-social-information_2075820.png in Resources */,
				277EF5431FD24317006AAE6B /* Main.storyboard in Resources */,
				2722AE5A1FF0200100830541 /* if_Streamline-75_185095.png in Resources */,
			);
			runOnlyForDeploymentPostprocessing = 0;
		};
		277EF54C1FD24317006AAE6B /* Resources */ = {
			isa = PBXResourcesBuildPhase;
			buildActionMask = 2147483647;
			files = (
			);
			runOnlyForDeploymentPostprocessing = 0;
		};
		277EF5571FD24317006AAE6B /* Resources */ = {
			isa = PBXResourcesBuildPhase;
			buildActionMask = 2147483647;
			files = (
			);
			runOnlyForDeploymentPostprocessing = 0;
		};
/* End PBXResourcesBuildPhase section */

/* Begin PBXShellScriptBuildPhase section */
		066ECD5CD2C5E8FC11818E7F /* [CP] Embed Pods Frameworks */ = {
			isa = PBXShellScriptBuildPhase;
			buildActionMask = 2147483647;
			files = (
			);
			inputPaths = (
				"${SRCROOT}/Pods/Target Support Files/Pods-myindiefilms/Pods-myindiefilms-frameworks.sh",
				"${BUILT_PRODUCTS_DIR}/GTMSessionFetcher/GTMSessionFetcher.framework",
				"${BUILT_PRODUCTS_DIR}/GoogleToolboxForMac/GoogleToolboxForMac.framework",
				"${BUILT_PRODUCTS_DIR}/Protobuf/Protobuf.framework",
				"${BUILT_PRODUCTS_DIR}/leveldb-library/leveldb.framework",
				"${BUILT_PRODUCTS_DIR}/nanopb/nanopb.framework",
			);
			name = "[CP] Embed Pods Frameworks";
			outputPaths = (
				"${TARGET_BUILD_DIR}/${FRAMEWORKS_FOLDER_PATH}/GTMSessionFetcher.framework",
				"${TARGET_BUILD_DIR}/${FRAMEWORKS_FOLDER_PATH}/GoogleToolboxForMac.framework",
				"${TARGET_BUILD_DIR}/${FRAMEWORKS_FOLDER_PATH}/Protobuf.framework",
				"${TARGET_BUILD_DIR}/${FRAMEWORKS_FOLDER_PATH}/leveldb.framework",
				"${TARGET_BUILD_DIR}/${FRAMEWORKS_FOLDER_PATH}/nanopb.framework",
			);
			runOnlyForDeploymentPostprocessing = 0;
			shellPath = /bin/sh;
			shellScript = "\"${SRCROOT}/Pods/Target Support Files/Pods-myindiefilms/Pods-myindiefilms-frameworks.sh\"\n";
			showEnvVarsInLog = 0;
		};
		122324C962B10CBB794CBDA4 /* [CP] Copy Pods Resources */ = {
			isa = PBXShellScriptBuildPhase;
			buildActionMask = 2147483647;
			files = (
			);
			inputPaths = (
			);
			name = "[CP] Copy Pods Resources";
			outputPaths = (
			);
			runOnlyForDeploymentPostprocessing = 0;
			shellPath = /bin/sh;
			shellScript = "\"${SRCROOT}/Pods/Target Support Files/Pods-myindiefilmsTests/Pods-myindiefilmsTests-resources.sh\"\n";
			showEnvVarsInLog = 0;
		};
		2CADA8E5991AD0CA4A9044DD /* [CP] Check Pods Manifest.lock */ = {
			isa = PBXShellScriptBuildPhase;
			buildActionMask = 2147483647;
			files = (
			);
			inputPaths = (
				"${PODS_PODFILE_DIR_PATH}/Podfile.lock",
				"${PODS_ROOT}/Manifest.lock",
			);
			name = "[CP] Check Pods Manifest.lock";
			outputPaths = (
				"$(DERIVED_FILE_DIR)/Pods-myindiefilmsUITests-checkManifestLockResult.txt",
			);
			runOnlyForDeploymentPostprocessing = 0;
			shellPath = /bin/sh;
			shellScript = "diff \"${PODS_PODFILE_DIR_PATH}/Podfile.lock\" \"${PODS_ROOT}/Manifest.lock\" > /dev/null\nif [ $? != 0 ] ; then\n    # print error to STDERR\n    echo \"error: The sandbox is not in sync with the Podfile.lock. Run 'pod install' or update your CocoaPods installation.\" >&2\n    exit 1\nfi\n# This output is used by Xcode 'outputs' to avoid re-running this script phase.\necho \"SUCCESS\" > \"${SCRIPT_OUTPUT_FILE_0}\"\n";
			showEnvVarsInLog = 0;
		};
		5A78CE64D42598C1F9DD28EA /* [CP] Check Pods Manifest.lock */ = {
			isa = PBXShellScriptBuildPhase;
			buildActionMask = 2147483647;
			files = (
			);
			inputPaths = (
				"${PODS_PODFILE_DIR_PATH}/Podfile.lock",
				"${PODS_ROOT}/Manifest.lock",
			);
			name = "[CP] Check Pods Manifest.lock";
			outputPaths = (
				"$(DERIVED_FILE_DIR)/Pods-myindiefilms-checkManifestLockResult.txt",
			);
			runOnlyForDeploymentPostprocessing = 0;
			shellPath = /bin/sh;
			shellScript = "diff \"${PODS_PODFILE_DIR_PATH}/Podfile.lock\" \"${PODS_ROOT}/Manifest.lock\" > /dev/null\nif [ $? != 0 ] ; then\n    # print error to STDERR\n    echo \"error: The sandbox is not in sync with the Podfile.lock. Run 'pod install' or update your CocoaPods installation.\" >&2\n    exit 1\nfi\n# This output is used by Xcode 'outputs' to avoid re-running this script phase.\necho \"SUCCESS\" > \"${SCRIPT_OUTPUT_FILE_0}\"\n";
			showEnvVarsInLog = 0;
		};
		6352A83E739F4FB574A7D5B9 /* [CP] Copy Pods Resources */ = {
			isa = PBXShellScriptBuildPhase;
			buildActionMask = 2147483647;
			files = (
			);
			inputPaths = (
				"${SRCROOT}/Pods/Target Support Files/Pods-myindiefilms/Pods-myindiefilms-resources.sh",
				"${PODS_ROOT}/FirebaseInvites/Resources/GINInviteResources.bundle",
				"${PODS_ROOT}/FirebaseInvites/Resources/GPPACLPickerResources.bundle",
				"${PODS_ROOT}/GoogleSignIn/Resources/GoogleSignIn.bundle",
			);
			name = "[CP] Copy Pods Resources";
			outputPaths = (
				"${TARGET_BUILD_DIR}/${UNLOCALIZED_RESOURCES_FOLDER_PATH}",
			);
			runOnlyForDeploymentPostprocessing = 0;
			shellPath = /bin/sh;
			shellScript = "\"${SRCROOT}/Pods/Target Support Files/Pods-myindiefilms/Pods-myindiefilms-resources.sh\"\n";
			showEnvVarsInLog = 0;
		};
		8C3DCE92C9646DDEACF101DA /* [CP] Check Pods Manifest.lock */ = {
			isa = PBXShellScriptBuildPhase;
			buildActionMask = 2147483647;
			files = (
			);
			inputPaths = (
				"${PODS_PODFILE_DIR_PATH}/Podfile.lock",
				"${PODS_ROOT}/Manifest.lock",
			);
			name = "[CP] Check Pods Manifest.lock";
			outputPaths = (
				"$(DERIVED_FILE_DIR)/Pods-myindiefilmsTests-checkManifestLockResult.txt",
			);
			runOnlyForDeploymentPostprocessing = 0;
			shellPath = /bin/sh;
			shellScript = "diff \"${PODS_PODFILE_DIR_PATH}/Podfile.lock\" \"${PODS_ROOT}/Manifest.lock\" > /dev/null\nif [ $? != 0 ] ; then\n    # print error to STDERR\n    echo \"error: The sandbox is not in sync with the Podfile.lock. Run 'pod install' or update your CocoaPods installation.\" >&2\n    exit 1\nfi\n# This output is used by Xcode 'outputs' to avoid re-running this script phase.\necho \"SUCCESS\" > \"${SCRIPT_OUTPUT_FILE_0}\"\n";
			showEnvVarsInLog = 0;
		};
		92E5F1E83B2B11CA3476C259 /* [CP] Copy Pods Resources */ = {
			isa = PBXShellScriptBuildPhase;
			buildActionMask = 2147483647;
			files = (
			);
			inputPaths = (
			);
			name = "[CP] Copy Pods Resources";
			outputPaths = (
			);
			runOnlyForDeploymentPostprocessing = 0;
			shellPath = /bin/sh;
			shellScript = "\"${SRCROOT}/Pods/Target Support Files/Pods-myindiefilmsUITests/Pods-myindiefilmsUITests-resources.sh\"\n";
			showEnvVarsInLog = 0;
		};
		99AB2BB78AFFC4AF0FC1F678 /* [CP] Embed Pods Frameworks */ = {
			isa = PBXShellScriptBuildPhase;
			buildActionMask = 2147483647;
			files = (
			);
			inputPaths = (
			);
			name = "[CP] Embed Pods Frameworks";
			outputPaths = (
			);
			runOnlyForDeploymentPostprocessing = 0;
			shellPath = /bin/sh;
			shellScript = "\"${SRCROOT}/Pods/Target Support Files/Pods-myindiefilmsTests/Pods-myindiefilmsTests-frameworks.sh\"\n";
			showEnvVarsInLog = 0;
		};
		DE0225764064FFA4C9DDB544 /* [CP] Embed Pods Frameworks */ = {
			isa = PBXShellScriptBuildPhase;
			buildActionMask = 2147483647;
			files = (
			);
			inputPaths = (
			);
			name = "[CP] Embed Pods Frameworks";
			outputPaths = (
			);
			runOnlyForDeploymentPostprocessing = 0;
			shellPath = /bin/sh;
			shellScript = "\"${SRCROOT}/Pods/Target Support Files/Pods-myindiefilmsUITests/Pods-myindiefilmsUITests-frameworks.sh\"\n";
			showEnvVarsInLog = 0;
		};
/* End PBXShellScriptBuildPhase section */

/* Begin PBXSourcesBuildPhase section */
		277EF5361FD24317006AAE6B /* Sources */ = {
			isa = PBXSourcesBuildPhase;
			buildActionMask = 2147483647;
			files = (
				27FF08241FF711700068E5B7 /* MessageID.swift in Sources */,
				27E1E9FA1FDDD19E000B55D9 /* Upload.swift in Sources */,
				27FC5CF91FD3119E008E7DEE /* SignUpViewController.swift in Sources */,
				279B31451FD258AB00163B3E /* Profile.swift in Sources */,
				270BC831202F48E400970B71 /* UserCell.swift in Sources */,
				277B42191FD247880044212F /* AuthProvider.swift in Sources */,
				27FC65391FE0957400C2C936 /* FeedTableViewController.swift in Sources */,
				277EF5401FD24317006AAE6B /* ViewController.swift in Sources */,
				278ACBC81FF6C9FF00F9C653 /* NewMessageTableViewController.swift in Sources */,
				2711FF01200303270077F882 /* ChatController.swift in Sources */,
				2757145B1FF95DF800081310 /* User.swift in Sources */,
				278ACBC61FF6B2E200F9C653 /* InboxTableViewController.swift in Sources */,
				27BE671B2001B85D00977313 /* Extensions.swift in Sources */,
				270F288C1FD499AD00BB9B17 /* PostCell.swift in Sources */,
				27269DF22028ED3B00F28EAF /* Message.swift in Sources */,
				277EF53E1FD24317006AAE6B /* AppDelegate.swift in Sources */,
				270F288A1FD4995E00BB9B17 /* PostHeaderCell.swift in Sources */,
			);
			runOnlyForDeploymentPostprocessing = 0;
		};
		277EF54A1FD24317006AAE6B /* Sources */ = {
			isa = PBXSourcesBuildPhase;
			buildActionMask = 2147483647;
			files = (
				277EF5531FD24317006AAE6B /* myindiefilmsTests.swift in Sources */,
			);
			runOnlyForDeploymentPostprocessing = 0;
		};
		277EF5551FD24317006AAE6B /* Sources */ = {
			isa = PBXSourcesBuildPhase;
			buildActionMask = 2147483647;
			files = (
				277EF55E1FD24317006AAE6B /* myindiefilmsUITests.swift in Sources */,
			);
			runOnlyForDeploymentPostprocessing = 0;
		};
/* End PBXSourcesBuildPhase section */

/* Begin PBXTargetDependency section */
		277EF5501FD24317006AAE6B /* PBXTargetDependency */ = {
			isa = PBXTargetDependency;
			target = 277EF5391FD24317006AAE6B /* myindiefilms */;
			targetProxy = 277EF54F1FD24317006AAE6B /* PBXContainerItemProxy */;
		};
		277EF55B1FD24317006AAE6B /* PBXTargetDependency */ = {
			isa = PBXTargetDependency;
			target = 277EF5391FD24317006AAE6B /* myindiefilms */;
			targetProxy = 277EF55A1FD24317006AAE6B /* PBXContainerItemProxy */;
		};
/* End PBXTargetDependency section */

/* Begin PBXVariantGroup section */
		277EF5411FD24317006AAE6B /* Main.storyboard */ = {
			isa = PBXVariantGroup;
			children = (
				277EF5421FD24317006AAE6B /* Base */,
			);
			name = Main.storyboard;
			sourceTree = "<group>";
		};
		277EF5461FD24317006AAE6B /* LaunchScreen.storyboard */ = {
			isa = PBXVariantGroup;
			children = (
				277EF5471FD24317006AAE6B /* Base */,
			);
			name = LaunchScreen.storyboard;
			sourceTree = "<group>";
		};
/* End PBXVariantGroup section */

/* Begin XCBuildConfiguration section */
		277EF5601FD24317006AAE6B /* Debug */ = {
			isa = XCBuildConfiguration;
			buildSettings = {
				ALWAYS_SEARCH_USER_PATHS = NO;
				CLANG_ANALYZER_NONNULL = YES;
				CLANG_ANALYZER_NUMBER_OBJECT_CONVERSION = YES_AGGRESSIVE;
				CLANG_CXX_LANGUAGE_STANDARD = "gnu++14";
				CLANG_CXX_LIBRARY = "libc++";
				CLANG_ENABLE_MODULES = YES;
				CLANG_ENABLE_OBJC_ARC = YES;
				CLANG_WARN_BLOCK_CAPTURE_AUTORELEASING = YES;
				CLANG_WARN_BOOL_CONVERSION = YES;
				CLANG_WARN_COMMA = YES;
				CLANG_WARN_CONSTANT_CONVERSION = YES;
				CLANG_WARN_DIRECT_OBJC_ISA_USAGE = YES_ERROR;
				CLANG_WARN_DOCUMENTATION_COMMENTS = YES;
				CLANG_WARN_EMPTY_BODY = YES;
				CLANG_WARN_ENUM_CONVERSION = YES;
				CLANG_WARN_INFINITE_RECURSION = YES;
				CLANG_WARN_INT_CONVERSION = YES;
				CLANG_WARN_NON_LITERAL_NULL_CONVERSION = YES;
				CLANG_WARN_OBJC_LITERAL_CONVERSION = YES;
				CLANG_WARN_OBJC_ROOT_CLASS = YES_ERROR;
				CLANG_WARN_RANGE_LOOP_ANALYSIS = YES;
				CLANG_WARN_STRICT_PROTOTYPES = YES;
				CLANG_WARN_SUSPICIOUS_MOVE = YES;
				CLANG_WARN_UNGUARDED_AVAILABILITY = YES_AGGRESSIVE;
				CLANG_WARN_UNREACHABLE_CODE = YES;
				CLANG_WARN__DUPLICATE_METHOD_MATCH = YES;
				CODE_SIGN_IDENTITY = "iPhone Developer";
				COPY_PHASE_STRIP = NO;
				DEBUG_INFORMATION_FORMAT = dwarf;
				ENABLE_STRICT_OBJC_MSGSEND = YES;
				ENABLE_TESTABILITY = YES;
				GCC_C_LANGUAGE_STANDARD = gnu11;
				GCC_DYNAMIC_NO_PIC = NO;
				GCC_NO_COMMON_BLOCKS = YES;
				GCC_OPTIMIZATION_LEVEL = 0;
				GCC_PREPROCESSOR_DEFINITIONS = (
					"DEBUG=1",
					"$(inherited)",
				);
				GCC_WARN_64_TO_32_BIT_CONVERSION = YES;
				GCC_WARN_ABOUT_RETURN_TYPE = YES_ERROR;
				GCC_WARN_UNDECLARED_SELECTOR = YES;
				GCC_WARN_UNINITIALIZED_AUTOS = YES_AGGRESSIVE;
				GCC_WARN_UNUSED_FUNCTION = YES;
				GCC_WARN_UNUSED_VARIABLE = YES;
				IPHONEOS_DEPLOYMENT_TARGET = 11.1;
				MTL_ENABLE_DEBUG_INFO = YES;
				ONLY_ACTIVE_ARCH = YES;
				SDKROOT = iphoneos;
				SWIFT_ACTIVE_COMPILATION_CONDITIONS = DEBUG;
				SWIFT_OPTIMIZATION_LEVEL = "-Onone";
			};
			name = Debug;
		};
		277EF5611FD24317006AAE6B /* Release */ = {
			isa = XCBuildConfiguration;
			buildSettings = {
				ALWAYS_SEARCH_USER_PATHS = NO;
				CLANG_ANALYZER_NONNULL = YES;
				CLANG_ANALYZER_NUMBER_OBJECT_CONVERSION = YES_AGGRESSIVE;
				CLANG_CXX_LANGUAGE_STANDARD = "gnu++14";
				CLANG_CXX_LIBRARY = "libc++";
				CLANG_ENABLE_MODULES = YES;
				CLANG_ENABLE_OBJC_ARC = YES;
				CLANG_WARN_BLOCK_CAPTURE_AUTORELEASING = YES;
				CLANG_WARN_BOOL_CONVERSION = YES;
				CLANG_WARN_COMMA = YES;
				CLANG_WARN_CONSTANT_CONVERSION = YES;
				CLANG_WARN_DIRECT_OBJC_ISA_USAGE = YES_ERROR;
				CLANG_WARN_DOCUMENTATION_COMMENTS = YES;
				CLANG_WARN_EMPTY_BODY = YES;
				CLANG_WARN_ENUM_CONVERSION = YES;
				CLANG_WARN_INFINITE_RECURSION = YES;
				CLANG_WARN_INT_CONVERSION = YES;
				CLANG_WARN_NON_LITERAL_NULL_CONVERSION = YES;
				CLANG_WARN_OBJC_LITERAL_CONVERSION = YES;
				CLANG_WARN_OBJC_ROOT_CLASS = YES_ERROR;
				CLANG_WARN_RANGE_LOOP_ANALYSIS = YES;
				CLANG_WARN_STRICT_PROTOTYPES = YES;
				CLANG_WARN_SUSPICIOUS_MOVE = YES;
				CLANG_WARN_UNGUARDED_AVAILABILITY = YES_AGGRESSIVE;
				CLANG_WARN_UNREACHABLE_CODE = YES;
				CLANG_WARN__DUPLICATE_METHOD_MATCH = YES;
				CODE_SIGN_IDENTITY = "iPhone Developer";
				COPY_PHASE_STRIP = NO;
				DEBUG_INFORMATION_FORMAT = "dwarf-with-dsym";
				ENABLE_NS_ASSERTIONS = NO;
				ENABLE_STRICT_OBJC_MSGSEND = YES;
				GCC_C_LANGUAGE_STANDARD = gnu11;
				GCC_NO_COMMON_BLOCKS = YES;
				GCC_WARN_64_TO_32_BIT_CONVERSION = YES;
				GCC_WARN_ABOUT_RETURN_TYPE = YES_ERROR;
				GCC_WARN_UNDECLARED_SELECTOR = YES;
				GCC_WARN_UNINITIALIZED_AUTOS = YES_AGGRESSIVE;
				GCC_WARN_UNUSED_FUNCTION = YES;
				GCC_WARN_UNUSED_VARIABLE = YES;
				IPHONEOS_DEPLOYMENT_TARGET = 11.1;
				MTL_ENABLE_DEBUG_INFO = NO;
				SDKROOT = iphoneos;
				SWIFT_OPTIMIZATION_LEVEL = "-Owholemodule";
				VALIDATE_PRODUCT = YES;
			};
			name = Release;
		};
		277EF5631FD24317006AAE6B /* Debug */ = {
			isa = XCBuildConfiguration;
			baseConfigurationReference = FBEF51109C6653DFD2DD8B00 /* Pods-myindiefilms.debug.xcconfig */;
			buildSettings = {
				ASSETCATALOG_COMPILER_APPICON_NAME = AppIcon;
				CODE_SIGN_STYLE = Automatic;
				DEVELOPMENT_TEAM = H5U853NEPZ;
				INFOPLIST_FILE = myindiefilms/Info.plist;
				LD_RUNPATH_SEARCH_PATHS = "$(inherited) @executable_path/Frameworks";
				PRODUCT_BUNDLE_IDENTIFIER = Vinny.myindiefilms;
				PRODUCT_NAME = "$(TARGET_NAME)";
				SWIFT_VERSION = 4.0;
				TARGETED_DEVICE_FAMILY = "1,2";
			};
			name = Debug;
		};
		277EF5641FD24317006AAE6B /* Release */ = {
			isa = XCBuildConfiguration;
			baseConfigurationReference = 3801E4B1CEE6177596CFA85E /* Pods-myindiefilms.release.xcconfig */;
			buildSettings = {
				ASSETCATALOG_COMPILER_APPICON_NAME = AppIcon;
				CODE_SIGN_STYLE = Automatic;
				DEVELOPMENT_TEAM = H5U853NEPZ;
				INFOPLIST_FILE = myindiefilms/Info.plist;
				LD_RUNPATH_SEARCH_PATHS = "$(inherited) @executable_path/Frameworks";
				PRODUCT_BUNDLE_IDENTIFIER = Vinny.myindiefilms;
				PRODUCT_NAME = "$(TARGET_NAME)";
				SWIFT_VERSION = 4.0;
				TARGETED_DEVICE_FAMILY = "1,2";
			};
			name = Release;
		};
		277EF5661FD24317006AAE6B /* Debug */ = {
			isa = XCBuildConfiguration;
			baseConfigurationReference = CC940EAFED3829E6E8603174 /* Pods-myindiefilmsTests.debug.xcconfig */;
			buildSettings = {
				ALWAYS_EMBED_SWIFT_STANDARD_LIBRARIES = YES;
				BUNDLE_LOADER = "$(TEST_HOST)";
				CODE_SIGN_STYLE = Automatic;
				DEVELOPMENT_TEAM = H5U853NEPZ;
				INFOPLIST_FILE = myindiefilmsTests/Info.plist;
				LD_RUNPATH_SEARCH_PATHS = "$(inherited) @executable_path/Frameworks @loader_path/Frameworks";
				PRODUCT_BUNDLE_IDENTIFIER = Vinny.myindiefilmsTests;
				PRODUCT_NAME = "$(TARGET_NAME)";
				SWIFT_VERSION = 4.0;
				TARGETED_DEVICE_FAMILY = "1,2";
				TEST_HOST = "$(BUILT_PRODUCTS_DIR)/myindiefilms.app/myindiefilms";
			};
			name = Debug;
		};
		277EF5671FD24317006AAE6B /* Release */ = {
			isa = XCBuildConfiguration;
			baseConfigurationReference = DB4E4E9C94B113C5E7BD8837 /* Pods-myindiefilmsTests.release.xcconfig */;
			buildSettings = {
				ALWAYS_EMBED_SWIFT_STANDARD_LIBRARIES = YES;
				BUNDLE_LOADER = "$(TEST_HOST)";
				CODE_SIGN_STYLE = Automatic;
				DEVELOPMENT_TEAM = H5U853NEPZ;
				INFOPLIST_FILE = myindiefilmsTests/Info.plist;
				LD_RUNPATH_SEARCH_PATHS = "$(inherited) @executable_path/Frameworks @loader_path/Frameworks";
				PRODUCT_BUNDLE_IDENTIFIER = Vinny.myindiefilmsTests;
				PRODUCT_NAME = "$(TARGET_NAME)";
				SWIFT_VERSION = 4.0;
				TARGETED_DEVICE_FAMILY = "1,2";
				TEST_HOST = "$(BUILT_PRODUCTS_DIR)/myindiefilms.app/myindiefilms";
			};
			name = Release;
		};
		277EF5691FD24317006AAE6B /* Debug */ = {
			isa = XCBuildConfiguration;
			baseConfigurationReference = 9F031B89671CAAD5F4CE653C /* Pods-myindiefilmsUITests.debug.xcconfig */;
			buildSettings = {
				ALWAYS_EMBED_SWIFT_STANDARD_LIBRARIES = YES;
				CODE_SIGN_STYLE = Automatic;
				DEVELOPMENT_TEAM = H5U853NEPZ;
				INFOPLIST_FILE = myindiefilmsUITests/Info.plist;
				LD_RUNPATH_SEARCH_PATHS = "$(inherited) @executable_path/Frameworks @loader_path/Frameworks";
				PRODUCT_BUNDLE_IDENTIFIER = Vinny.myindiefilmsUITests;
				PRODUCT_NAME = "$(TARGET_NAME)";
				SWIFT_VERSION = 4.0;
				TARGETED_DEVICE_FAMILY = "1,2";
				TEST_TARGET_NAME = myindiefilms;
			};
			name = Debug;
		};
		277EF56A1FD24317006AAE6B /* Release */ = {
			isa = XCBuildConfiguration;
			baseConfigurationReference = 65C004F55FEDA4BB559D9B52 /* Pods-myindiefilmsUITests.release.xcconfig */;
			buildSettings = {
				ALWAYS_EMBED_SWIFT_STANDARD_LIBRARIES = YES;
				CODE_SIGN_STYLE = Automatic;
				DEVELOPMENT_TEAM = H5U853NEPZ;
				INFOPLIST_FILE = myindiefilmsUITests/Info.plist;
				LD_RUNPATH_SEARCH_PATHS = "$(inherited) @executable_path/Frameworks @loader_path/Frameworks";
				PRODUCT_BUNDLE_IDENTIFIER = Vinny.myindiefilmsUITests;
				PRODUCT_NAME = "$(TARGET_NAME)";
				SWIFT_VERSION = 4.0;
				TARGETED_DEVICE_FAMILY = "1,2";
				TEST_TARGET_NAME = myindiefilms;
			};
			name = Release;
		};
/* End XCBuildConfiguration section */

/* Begin XCConfigurationList section */
		277EF5351FD24317006AAE6B /* Build configuration list for PBXProject "myindiefilms" */ = {
			isa = XCConfigurationList;
			buildConfigurations = (
				277EF5601FD24317006AAE6B /* Debug */,
				277EF5611FD24317006AAE6B /* Release */,
			);
			defaultConfigurationIsVisible = 0;
			defaultConfigurationName = Release;
		};
		277EF5621FD24317006AAE6B /* Build configuration list for PBXNativeTarget "myindiefilms" */ = {
			isa = XCConfigurationList;
			buildConfigurations = (
				277EF5631FD24317006AAE6B /* Debug */,
				277EF5641FD24317006AAE6B /* Release */,
			);
			defaultConfigurationIsVisible = 0;
			defaultConfigurationName = Release;
		};
		277EF5651FD24317006AAE6B /* Build configuration list for PBXNativeTarget "myindiefilmsTests" */ = {
			isa = XCConfigurationList;
			buildConfigurations = (
				277EF5661FD24317006AAE6B /* Debug */,
				277EF5671FD24317006AAE6B /* Release */,
			);
			defaultConfigurationIsVisible = 0;
			defaultConfigurationName = Release;
		};
		277EF5681FD24317006AAE6B /* Build configuration list for PBXNativeTarget "myindiefilmsUITests" */ = {
			isa = XCConfigurationList;
			buildConfigurations = (
				277EF5691FD24317006AAE6B /* Debug */,
				277EF56A1FD24317006AAE6B /* Release */,
			);
			defaultConfigurationIsVisible = 0;
			defaultConfigurationName = Release;
		};
/* End XCConfigurationList section */
	};
	rootObject = 277EF5321FD24317006AAE6B /* Project object */;
}
